
Microsoft Visual Studio Solution File, Format Version 12.00
# Visual Studio Version 17
VisualStudioVersion = 17.14.36623.8 d17.14
MinimumVisualStudioVersion = 10.0.40219.1
Project("{FAE04EC0-301F-11D3-BF4B-00C04F79EFBC}") = "DATN", "DATN.csproj", "{FE11E8C4-C94C-4F03-9408-8DB42F19E729}"
EndProject
Global
	GlobalSection(SolutionConfigurationPlatforms) = preSolution
		Debug|Any CPU = Debug|Any CPU
		Release|Any CPU = Release|Any CPU
	EndGlobalSection
	GlobalSection(ProjectConfigurationPlatforms) = postSolution
		{FE11E8C4-C94C-4F03-9408-8DB42F19E729}.Debug|Any CPU.ActiveCfg = Debug|Any CPU
		{FE11E8C4-C94C-4F03-9408-8DB42F19E729}.Debug|Any CPU.Build.0 = Debug|Any CPU
		{FE11E8C4-C94C-4F03-9408-8DB42F19E729}.Release|Any CPU.ActiveCfg = Release|Any CPU
		{FE11E8C4-C94C-4F03-9408-8DB42F19E729}.Release|Any CPU.Build.0 = Release|Any CPU
	EndGlobalSection
	GlobalSection(SolutionProperties) = preSolution
		HideSolutionNode = FALSE
	EndGlobalSection
	GlobalSection(ExtensibilityGlobals) = postSolution
		SolutionGuid = {68EB412C-9DFF-4DDD-9579-105E933F8A96}
	EndGlobalSection
EndGlobal
